Microsoft Visual Studio Solution File, Format Version 12.00
# Visual Studio Version 17
VisualStudioVersion = 17.5.2.0
MinimumVisualStudioVersion = 10.0.40219.1
Project("{FAE04EC0-301F-11D3-BF4B-00C04F79EFBC}") = "ProjetGitTest", "ProjetGitTest.csproj", "{8D2BBC5A-91E8-55C3-CF6F-4DD61B077680}"
EndProject
Global
	GlobalSection(SolutionConfigurationPlatforms) = preSolution
		Debug|Any CPU = Debug|Any CPU
		Release|Any CPU = Release|Any CPU
	EndGlobalSection
	GlobalSection(ProjectConfigurationPlatforms) = postSolution
		{8D2BBC5A-91E8-55C3-CF6F-4DD61B077680}.Debug|Any CPU.ActiveCfg = Debug|Any CPU
		{8D2BBC5A-91E8-55C3-CF6F-4DD61B077680}.Debug|Any CPU.Build.0 = Debug|Any CPU
		{8D2BBC5A-91E8-55C3-CF6F-4DD61B077680}.Release|Any CPU.ActiveCfg = Release|Any CPU
		{8D2BBC5A-91E8-55C3-CF6F-4DD61B077680}.Release|Any CPU.Build.0 = Release|Any CPU
	EndGlobalSection
	GlobalSection(SolutionProperties) = preSolution
		HideSolutionNode = FALSE
	EndGlobalSection
	GlobalSection(ExtensibilityGlobals) = postSolution
		SolutionGuid = {61B5F867-ECAB-4963-91D4-D794720FC6FB}
	EndGlobalSection
EndGlobal
